{
  "nodes": {
    "config": {
      "locked": {
        "lastModified": 1,
        "narHash": "sha256-elz+1VaAKxE4aTOOm+5MjsAUd+H1yHQyypfvA0PAnzs=",
        "path": "./example/defaultConfig",
        "type": "path"
      },
      "original": {
        "path": "./example/defaultConfig",
        "type": "path"
      }
    },
    "config_2": {
      "locked": {
        "lastModified": 1,
        "narHash": "sha256-EgEBMr5JbCUXVFMInh5Wn11jlMPlRyd1IpDPO8pLzYI=",
        "path": "./example/defaultConfig",
        "type": "path"
      },
      "original": {
        "path": "./example/defaultConfig",
        "type": "path"
      }
    },
    "functions": {
      "inputs": {
        "nixpkgs": [
          "nixpkgs"
        ]
      },
      "locked": {
        "lastModified": 1693411175,
        "narHash": "sha256-yTw+MA4vV9sCV0LxR9t0pv7F8lFVb87SnjIsTTCOoEk=",
        "owner": "NiklasGollenstede",
        "repo": "nix-functions",
        "rev": "93b58d57f4beeb7b0658be03a2cee2ecd7f51467",
        "type": "github"
      },
      "original": {
        "owner": "NiklasGollenstede",
        "repo": "nix-functions",
        "type": "github"
      }
    },
    "installer": {
      "inputs": {
        "config": "config",
        "functions": [
          "functions"
        ],
        "nixpkgs": [
          "nixpkgs"
        ]
      },
      "locked": {
        "lastModified": 1696595465,
        "narHash": "sha256-XcQfsZPPExlSmRv1/HYyu3yb/d5S0xAhFkDQY9NxgdQ=",
        "owner": "NiklasGollenstede",
        "repo": "nixos-installer",
        "rev": "7bb3dc480fb2b11f969f081b9834e60eb4e81eb0",
        "type": "github"
      },
      "original": {
        "owner": "NiklasGollenstede",
        "repo": "nixos-installer",
        "type": "github"
      }
    },
    "latest-nixpkgs": {
      "locked": {
        "lastModified": 1696193975,
        "narHash": "sha256-mnQjUcYgp9Guu3RNVAB2Srr1TqKcPpRXmJf4LJk6KRY=",
        "owner": "NixOS",
        "repo": "nixpkgs",
        "rev": "fdd898f8f79e8d2f99ed2ab6b3751811ef683242",
        "type": "github"
      },
      "original": {
        "owner": "NixOS",
        "ref": "nixos-unstable",
        "repo": "nixpkgs",
        "type": "github"
      }
    },
    "lowdown-src": {
      "flake": false,
      "locked": {
        "lastModified": 1633514407,
        "narHash": "sha256-Dw32tiMjdK9t3ETl5fzGrutQTzh2rufgZV4A/BbxuD4=",
        "owner": "kristapsdz",
        "repo": "lowdown",
        "rev": "d2c2b44ff6c27b936ec27358a2653caaef8f73b8",
        "type": "github"
      },
      "original": {
        "owner": "kristapsdz",
        "repo": "lowdown",
        "type": "github"
      }
    },
    "new-nixpkgs": {
      "locked": {
        "lastModified": 1659052185,
        "narHash": "sha256-TUbwbzCbprtWB9EtXPM52cWuKETuCV3H+cMXjLRbwTw=",
        "owner": "NixOS",
        "repo": "nixpkgs",
        "rev": "9370544d849be8a07193e7611d02e6f6f1b10768",
        "type": "github"
      },
      "original": {
        "owner": "NixOS",
        "repo": "nixpkgs",
        "rev": "9370544d849be8a07193e7611d02e6f6f1b10768",
        "type": "github"
      }
    },
    "nix": {
      "inputs": {
        "lowdown-src": "lowdown-src",
        "nixpkgs": [
          "nixpkgs"
        ],
        "nixpkgs-regression": [
          "nixpkgs"
        ]
      },
      "locked": {
        "lastModified": 1674123130,
        "narHash": "sha256-zVrzfz3wKNUYo/Qv9ts1B/ECWtKTreP/Pl6rb2fkgmc=",
        "owner": "NixOS",
        "repo": "nix",
        "rev": "38b90c618f5ce4334b89c0124c5a54f339a23db6",
        "type": "github"
      },
      "original": {
        "owner": "NixOS",
        "repo": "nix",
        "rev": "38b90c618f5ce4334b89c0124c5a54f339a23db6",
        "type": "github"
      }
    },
    "nixos-hardware": {
      "locked": {
        "lastModified": 1692952286,
        "narHash": "sha256-TsrtPv3+Q1KR0avZxpiJH+b6fX/R/hEQVHbjl1ebotY=",
        "owner": "NixOS",
        "repo": "nixos-hardware",
        "rev": "817e297fc3352fadc15f2c5306909aa9192d7d97",
        "type": "github"
      },
      "original": {
        "owner": "NixOS",
        "ref": "master",
        "repo": "nixos-hardware",
        "type": "github"
      }
    },
    "nixos-imx": {
      "inputs": {
        "functions": [
          "functions"
        ],
        "installer": [
          "installer"
        ],
        "nixpkgs": [
          "nixpkgs"
        ],
        "wiplib": [
          "wiplib"
        ]
      },
      "locked": {
        "lastModified": 1690155825,
        "narHash": "sha256-4Hvo9GdmKGLOxaIAolErhJrx2bc2cH5K9CLS85ahBaw=",
        "owner": "NiklasGollenstede",
        "repo": "nixos-imx",
        "rev": "1d42b7865e4036a3a0a3115ed47e91d8d7049064",
        "type": "github"
      },
      "original": {
        "owner": "NiklasGollenstede",
        "repo": "nixos-imx",
        "type": "github"
      }
    },
    "nixpkgs": {
      "locked": {
        "lastModified": 1696374741,
        "narHash": "sha256-gt8B3G0ryizT9HSB4cCO8QoxdbsHnrQH+/BdKxOwqF0=",
        "owner": "NixOS",
        "repo": "nixpkgs",
        "rev": "8a4c17493e5c39769f79117937c79e1c88de6729",
        "type": "github"
      },
      "original": {
        "owner": "NixOS",
        "ref": "nixos-23.05",
        "repo": "nixpkgs",
        "type": "github"
      }
    },
    "old-nixpkgs": {
      "locked": {
        "lastModified": 1651726670,
        "narHash": "sha256-dSGdzB49SEvdOJvrQWfQYkAefewXraHIV08Vz6iDXWQ=",
        "owner": "NixOS",
        "repo": "nixpkgs",
        "rev": "c777cdf5c564015d5f63b09cc93bef4178b19b01",
        "type": "github"
      },
      "original": {
        "owner": "NixOS",
        "repo": "nixpkgs",
        "rev": "c777cdf5c564015d5f63b09cc93bef4178b19b01",
        "type": "github"
      }
    },
    "root": {
      "inputs": {
        "functions": "functions",
        "installer": "installer",
        "latest-nixpkgs": "latest-nixpkgs",
        "new-nixpkgs": "new-nixpkgs",
        "nix": "nix",
        "nixos-imx": "nixos-imx",
        "nixpkgs": "nixpkgs",
        "old-nixpkgs": "old-nixpkgs",
        "wiplib": "wiplib"
      }
    },
    "systems": {
      "locked": {
        "lastModified": 1689347949,
        "narHash": "sha256-12tWmuL2zgBgZkdoB6qXZsgJEH9LR3oUgpaQq2RbI80=",
        "owner": "nix-systems",
        "repo": "default-linux",
        "rev": "31732fcf5e8fea42e59c2488ad31a0e651500f68",
        "type": "github"
      },
      "original": {
        "owner": "nix-systems",
        "repo": "default-linux",
        "type": "github"
      }
    },
    "wiplib": {
      "inputs": {
        "config": "config_2",
        "functions": [
          "functions"
        ],
        "installer": [
          "installer"
        ],
        "nixos-hardware": "nixos-hardware",
        "nixpkgs": [
          "nixpkgs"
        ],
        "systems": "systems"
      },
      "locked": {
        "lastModified": 1693581087,
        "narHash": "sha256-+p23vrnVSJP8mUBRmnKycl5X/BtUA+apPx0p7a3LHKU=",
        "owner": "NiklasGollenstede",
        "repo": "nix-wiplib",
        "rev": "fecd7720f325cf1e8a06d6ea385319940b82aa0c",
        "type": "github"
      },
      "original": {
        "owner": "NiklasGollenstede",
        "repo": "nix-wiplib",
        "type": "github"
      }
    }
  },
  "root": "root",
  "version": 7
}
