{
  "nodes": {
    "config": {
      "locked": {
        "dir": "example/defaultConfig",
        "lastModified": 1652094794,
        "narHash": "sha256-YKsmTOispYxmmpf7i9BJ0Gt9itLcfyXExteYQoZUfGQ=",
        "owner": "NiklasGollenstede",
        "repo": "nix-wiplib",
        "rev": "5e9cc7ce3440be9ce6aeeaedcc70db9c80489c5f",
        "type": "github"
      },
      "original": {
        "dir": "example/defaultConfig",
        "owner": "NiklasGollenstede",
        "repo": "nix-wiplib",
        "rev": "5e9cc7ce3440be9ce6aeeaedcc70db9c80489c5f",
        "type": "github"
      }
    },
    "nixos-imx": {
      "inputs": {
        "nixpkgs": [
          "nixpkgs"
        ],
        "wiplib": [
          "wiplib"
        ]
      },
      "locked": {
        "lastModified": 1656598123,
        "narHash": "sha256-XD2UnZ8MHATrspKNgDuk0Xz7BxKPO20+LSfQZm2UVDE=",
        "owner": "NiklasGollenstede",
        "repo": "nixos-imx",
        "rev": "a5903e9dba912e70edb7322e38ff99bf2be9a3d0",
        "type": "github"
      },
      "original": {
        "owner": "NiklasGollenstede",
        "repo": "nixos-imx",
        "type": "github"
      }
    },
    "nixpkgs": {
      "locked": {
        "lastModified": 1659052185,
        "narHash": "sha256-TUbwbzCbprtWB9EtXPM52cWuKETuCV3H+cMXjLRbwTw=",
        "owner": "NixOS",
        "repo": "nixpkgs",
        "rev": "9370544d849be8a07193e7611d02e6f6f1b10768",
        "type": "github"
      },
      "original": {
        "owner": "NixOS",
        "ref": "nixos-22.05",
        "repo": "nixpkgs",
        "type": "github"
      }
    },
    "old-nixpkgs": {
      "locked": {
        "lastModified": 1651726670,
        "narHash": "sha256-dSGdzB49SEvdOJvrQWfQYkAefewXraHIV08Vz6iDXWQ=",
        "owner": "NixOS",
        "repo": "nixpkgs",
        "rev": "c777cdf5c564015d5f63b09cc93bef4178b19b01",
        "type": "github"
      },
      "original": {
        "owner": "NixOS",
        "repo": "nixpkgs",
        "rev": "c777cdf5c564015d5f63b09cc93bef4178b19b01",
        "type": "github"
      }
    },
    "root": {
      "inputs": {
        "nixos-imx": "nixos-imx",
        "nixpkgs": "nixpkgs",
        "old-nixpkgs": "old-nixpkgs",
        "wiplib": "wiplib"
      }
    },
    "wiplib": {
      "inputs": {
        "config": "config",
        "nixpkgs": [
          "nixpkgs"
        ]
      },
      "locked": {
        "lastModified": 1661927913,
        "narHash": "sha256-fVHMkqdNoYpbld7FsOflnh+Uj8iNF6ZG4KIFlECqKFY=",
        "owner": "NiklasGollenstede",
        "repo": "nix-wiplib",
        "rev": "1d93a8acc0cdf7ae88c7954fec9cf770cac8e119",
        "type": "github"
      },
      "original": {
        "owner": "NiklasGollenstede",
        "repo": "nix-wiplib",
        "type": "github"
      }
    }
  },
  "root": "root",
  "version": 7
}
