{
  "nodes": {
    "config": {
      "locked": {
        "dir": "example/defaultConfig",
        "lastModified": 1701430145,
        "narHash": "sha256-JQIFcFZID/uWrdriInXsfuAxJlGaQksQ5bMsYP18wjw=",
        "owner": "NiklasGollenstede",
        "repo": "nixos-installer",
        "rev": "9e02cd59520c5ac90daeb987f2a369d6a5c2c3e3",
        "type": "github"
      },
      "original": {
        "dir": "example/defaultConfig",
        "owner": "NiklasGollenstede",
        "repo": "nixos-installer",
        "type": "github"
      }
    },
    "config_2": {
      "locked": {
        "dir": "example/defaultConfig",
        "lastModified": 1701428487,
        "narHash": "sha256-d7mXqyoMWC0eG81y0JEWf91ZXnW8YGWnpq72sitTASc=",
        "owner": "NiklasGollenstede",
        "repo": "nix-wiplib",
        "rev": "1149b6853ebaa6155cdfdaededd3c2119b01669a",
        "type": "github"
      },
      "original": {
        "dir": "example/defaultConfig",
        "owner": "NiklasGollenstede",
        "repo": "nix-wiplib",
        "type": "github"
      }
    },
    "functions": {
      "inputs": {
        "nixpkgs": [
          "nixpkgs"
        ]
      },
      "locked": {
        "lastModified": 1703152384,
        "narHash": "sha256-ICtBNYwfXtY2/Nrgd5+gIq1Qvwf7HczCljCQg4CqHbk=",
        "owner": "NiklasGollenstede",
        "repo": "nix-functions",
        "rev": "11d50f31534af0d447702af9f04788379daae8fe",
        "type": "github"
      },
      "original": {
        "owner": "NiklasGollenstede",
        "repo": "nix-functions",
        "type": "github"
      }
    },
    "installer": {
      "inputs": {
        "config": "config",
        "functions": [
          "functions"
        ],
        "nixpkgs": [
          "nixpkgs"
        ]
      },
      "locked": {
        "lastModified": 1701714601,
        "narHash": "sha256-lc1+qEVTYSfxGG7Q0ZG8E1Y/JT8hQ82TouyYXrTuxuY=",
        "owner": "NiklasGollenstede",
        "repo": "nixos-installer",
        "rev": "6f44532be5e2561f2772d056bdaeba6c39ecca9f",
        "type": "github"
      },
      "original": {
        "owner": "NiklasGollenstede",
        "repo": "nixos-installer",
        "type": "github"
      }
    },
    "latest-nixpkgs": {
      "locked": {
        "lastModified": 1701718080,
        "narHash": "sha256-6ovz0pG76dE0P170pmmZex1wWcQoeiomUZGggfH9XPs=",
        "owner": "NixOS",
        "repo": "nixpkgs",
        "rev": "2c7f3c0fb7c08a0814627611d9d7d45ab6d75335",
        "type": "github"
      },
      "original": {
        "owner": "NixOS",
        "ref": "nixos-unstable",
        "repo": "nixpkgs",
        "type": "github"
      }
    },
    "lowdown-src": {
      "flake": false,
      "locked": {
        "lastModified": 1633514407,
        "narHash": "sha256-Dw32tiMjdK9t3ETl5fzGrutQTzh2rufgZV4A/BbxuD4=",
        "owner": "kristapsdz",
        "repo": "lowdown",
        "rev": "d2c2b44ff6c27b936ec27358a2653caaef8f73b8",
        "type": "github"
      },
      "original": {
        "owner": "kristapsdz",
        "repo": "lowdown",
        "type": "github"
      }
    },
    "new-nixpkgs": {
      "locked": {
        "lastModified": 1659052185,
        "narHash": "sha256-TUbwbzCbprtWB9EtXPM52cWuKETuCV3H+cMXjLRbwTw=",
        "owner": "NixOS",
        "repo": "nixpkgs",
        "rev": "9370544d849be8a07193e7611d02e6f6f1b10768",
        "type": "github"
      },
      "original": {
        "owner": "NixOS",
        "repo": "nixpkgs",
        "rev": "9370544d849be8a07193e7611d02e6f6f1b10768",
        "type": "github"
      }
    },
    "nix": {
      "inputs": {
        "lowdown-src": "lowdown-src",
        "nixpkgs": [
          "nixpkgs"
        ],
        "nixpkgs-regression": [
          "nixpkgs"
        ]
      },
      "locked": {
        "lastModified": 1674123130,
        "narHash": "sha256-zVrzfz3wKNUYo/Qv9ts1B/ECWtKTreP/Pl6rb2fkgmc=",
        "owner": "NixOS",
        "repo": "nix",
        "rev": "38b90c618f5ce4334b89c0124c5a54f339a23db6",
        "type": "github"
      },
      "original": {
        "owner": "NixOS",
        "repo": "nix",
        "rev": "38b90c618f5ce4334b89c0124c5a54f339a23db6",
        "type": "github"
      }
    },
    "nixos-hardware": {
      "locked": {
        "lastModified": 1702453208,
        "narHash": "sha256-0wRi9SposfE2wHqjuKt8WO2izKB/ASDOV91URunIqgo=",
        "owner": "NixOS",
        "repo": "nixos-hardware",
        "rev": "7763c6fd1f299cb9361ff2abf755ed9619ef01d6",
        "type": "github"
      },
      "original": {
        "owner": "NixOS",
        "ref": "master",
        "repo": "nixos-hardware",
        "type": "github"
      }
    },
    "nixos-imx": {
      "inputs": {
        "functions": [
          "functions"
        ],
        "installer": [
          "installer"
        ],
        "nixpkgs": [
          "nixpkgs"
        ],
        "wiplib": [
          "wiplib"
        ]
      },
      "locked": {
        "lastModified": 1690155825,
        "narHash": "sha256-4Hvo9GdmKGLOxaIAolErhJrx2bc2cH5K9CLS85ahBaw=",
        "owner": "NiklasGollenstede",
        "repo": "nixos-imx",
        "rev": "1d42b7865e4036a3a0a3115ed47e91d8d7049064",
        "type": "github"
      },
      "original": {
        "owner": "NiklasGollenstede",
        "repo": "nixos-imx",
        "type": "github"
      }
    },
    "nixpkgs": {
      "locked": {
        "lastModified": 1701802827,
        "narHash": "sha256-wTn0lpV75Uv6tU6haEypNsmnJJPb0hpaMIy/4uf5AiQ=",
        "owner": "NixOS",
        "repo": "nixpkgs",
        "rev": "a804fc878d7ba1558b960b4c64b0903da426ac41",
        "type": "github"
      },
      "original": {
        "owner": "NixOS",
        "ref": "nixos-23.11",
        "repo": "nixpkgs",
        "type": "github"
      }
    },
    "old-nixpkgs": {
      "locked": {
        "lastModified": 1651726670,
        "narHash": "sha256-dSGdzB49SEvdOJvrQWfQYkAefewXraHIV08Vz6iDXWQ=",
        "owner": "NixOS",
        "repo": "nixpkgs",
        "rev": "c777cdf5c564015d5f63b09cc93bef4178b19b01",
        "type": "github"
      },
      "original": {
        "owner": "NixOS",
        "repo": "nixpkgs",
        "rev": "c777cdf5c564015d5f63b09cc93bef4178b19b01",
        "type": "github"
      }
    },
    "root": {
      "inputs": {
        "functions": "functions",
        "installer": "installer",
        "latest-nixpkgs": "latest-nixpkgs",
        "new-nixpkgs": "new-nixpkgs",
        "nix": "nix",
        "nixos-imx": "nixos-imx",
        "nixpkgs": "nixpkgs",
        "old-nixpkgs": "old-nixpkgs",
        "wiplib": "wiplib"
      }
    },
    "systems": {
      "locked": {
        "lastModified": 1689347949,
        "narHash": "sha256-12tWmuL2zgBgZkdoB6qXZsgJEH9LR3oUgpaQq2RbI80=",
        "owner": "nix-systems",
        "repo": "default-linux",
        "rev": "31732fcf5e8fea42e59c2488ad31a0e651500f68",
        "type": "github"
      },
      "original": {
        "owner": "nix-systems",
        "repo": "default-linux",
        "type": "github"
      }
    },
    "wiplib": {
      "inputs": {
        "config": "config_2",
        "functions": [
          "functions"
        ],
        "installer": [
          "installer"
        ],
        "nixos-hardware": "nixos-hardware",
        "nixpkgs": [
          "nixpkgs"
        ],
        "systems": "systems"
      },
      "locked": {
        "lastModified": 1703152501,
        "narHash": "sha256-m6Vlqu0wX4Jg1fcejqf257N41QizI49SrXyU8Dhx9Yw=",
        "owner": "NiklasGollenstede",
        "repo": "nix-wiplib",
        "rev": "7614b86dc87531a11e7c25e43a78bb6530b63af1",
        "type": "github"
      },
      "original": {
        "owner": "NiklasGollenstede",
        "repo": "nix-wiplib",
        "type": "github"
      }
    }
  },
  "root": "root",
  "version": 7
}
